// !$*UTF8*$!
{
	archiveVersion = 1;
	classes = {
	};
	objectVersion = 46;
	objects = {

/* Begin PBXBuildFile section */
		162CBBB21B7A035F00A50522 /* main.m in Sources */ = {isa = PBXBuildFile; fileRef = 162CBBB11B7A035F00A50522 /* main.m */; };
		162CBBB51B7A035F00A50522 /* AppDelegate.m in Sources */ = {isa = PBXBuildFile; fileRef = 162CBBB41B7A035F00A50522 /* AppDelegate.m */; };
		162CBBB81B7A035F00A50522 /* FirstViewController.m in Sources */ = {isa = PBXBuildFile; fileRef = 162CBBB71B7A035F00A50522 /* FirstViewController.m */; };
		162CBBBB1B7A035F00A50522 /* CreateViewController.m in Sources */ = {isa = PBXBuildFile; fileRef = 162CBBBA1B7A035F00A50522 /* CreateViewController.m */; };
		162CBBBE1B7A035F00A50522 /* Main.storyboard in Resources */ = {isa = PBXBuildFile; fileRef = 162CBBBC1B7A035F00A50522 /* Main.storyboard */; };
		162CBBC01B7A035F00A50522 /* Images.xcassets in Resources */ = {isa = PBXBuildFile; fileRef = 162CBBBF1B7A035F00A50522 /* Images.xcassets */; };
		162CBBC31B7A035F00A50522 /* LaunchScreen.xib in Resources */ = {isa = PBXBuildFile; fileRef = 162CBBC11B7A035F00A50522 /* LaunchScreen.xib */; };
		162CBBCF1B7A035F00A50522 /* RetroLanTests.m in Sources */ = {isa = PBXBuildFile; fileRef = 162CBBCE1B7A035F00A50522 /* RetroLanTests.m */; };
		162CBBDC1B7A069100A50522 /* Controller.m in Sources */ = {isa = PBXBuildFile; fileRef = 162CBBDB1B7A069100A50522 /* Controller.m */; };
		162CBBDF1B7A074900A50522 /* Player.m in Sources */ = {isa = PBXBuildFile; fileRef = 162CBBDE1B7A074900A50522 /* Player.m */; };
		162CBBE21B7A085C00A50522 /* Game.m in Sources */ = {isa = PBXBuildFile; fileRef = 162CBBE11B7A085C00A50522 /* Game.m */; };
		162CBBE51B7A08BC00A50522 /* Score.m in Sources */ = {isa = PBXBuildFile; fileRef = 162CBBE41B7A08BC00A50522 /* Score.m */; };
		162CBBE81B7A094C00A50522 /* Session.m in Sources */ = {isa = PBXBuildFile; fileRef = 162CBBE71B7A094C00A50522 /* Session.m */; };
		162CBBEB1B7A0A6400A50522 /* Play.m in Sources */ = {isa = PBXBuildFile; fileRef = 162CBBEA1B7A0A6400A50522 /* Play.m */; };
		1681F36A1B7A1F95003C0301 /* ProfilesViewController.m in Sources */ = {isa = PBXBuildFile; fileRef = 1681F3691B7A1F95003C0301 /* ProfilesViewController.m */; };
		1681F36D1B7A276B003C0301 /* LANManager.m in Sources */ = {isa = PBXBuildFile; fileRef = 1681F36C1B7A276B003C0301 /* LANManager.m */; };
		1FDF203ECB8585AA75F64F2B /* libPods-RetroLan.a in Frameworks */ = {isa = PBXBuildFile; fileRef = A9D4D36C9CD177BF9EA288BE /* libPods-RetroLan.a */; };
/* End PBXBuildFile section */

/* Begin PBXContainerItemProxy section */
		162CBBC91B7A035F00A50522 /* PBXContainerItemProxy */ = {
			isa = PBXContainerItemProxy;
			containerPortal = 162CBBA41B7A035F00A50522 /* Project object */;
			proxyType = 1;
			remoteGlobalIDString = 162CBBAB1B7A035F00A50522;
			remoteInfo = RetroLan;
		};
/* End PBXContainerItemProxy section */

/* Begin PBXFileReference section */
		162CBBAC1B7A035F00A50522 /* RetroLan.app */ = {isa = PBXFileReference; explicitFileType = wrapper.application; includeInIndex = 0; path = RetroLan.app; sourceTree = BUILT_PRODUCTS_DIR; };
		162CBBB01B7A035F00A50522 /* Info.plist */ = {isa = PBXFileReference; lastKnownFileType = text.plist.xml; path = Info.plist; sourceTree = "<group>"; };
		162CBBB11B7A035F00A50522 /* main.m */ = {isa = PBXFileReference; lastKnownFileType = sourcecode.c.objc; path = main.m; sourceTree = "<group>"; };
		162CBBB31B7A035F00A50522 /* AppDelegate.h */ = {isa = PBXFileReference; lastKnownFileType = sourcecode.c.h; path = AppDelegate.h; sourceTree = "<group>"; };
		162CBBB41B7A035F00A50522 /* AppDelegate.m */ = {isa = PBXFileReference; lastKnownFileType = sourcecode.c.objc; path = AppDelegate.m; sourceTree = "<group>"; };
		162CBBB61B7A035F00A50522 /* FirstViewController.h */ = {isa = PBXFileReference; lastKnownFileType = sourcecode.c.h; path = FirstViewController.h; sourceTree = "<group>"; };
		162CBBB71B7A035F00A50522 /* FirstViewController.m */ = {isa = PBXFileReference; lastKnownFileType = sourcecode.c.objc; path = FirstViewController.m; sourceTree = "<group>"; };
		162CBBB91B7A035F00A50522 /* CreateViewController.h */ = {isa = PBXFileReference; lastKnownFileType = sourcecode.c.h; path = CreateViewController.h; sourceTree = "<group>"; };
		162CBBBA1B7A035F00A50522 /* CreateViewController.m */ = {isa = PBXFileReference; lastKnownFileType = sourcecode.c.objc; path = CreateViewController.m; sourceTree = "<group>"; };
		162CBBBD1B7A035F00A50522 /* Base */ = {isa = PBXFileReference; lastKnownFileType = file.storyboard; name = Base; path = Base.lproj/Main.storyboard; sourceTree = "<group>"; };
		162CBBBF1B7A035F00A50522 /* Images.xcassets */ = {isa = PBXFileReference; lastKnownFileType = folder.assetcatalog; path = Images.xcassets; sourceTree = "<group>"; };
		162CBBC21B7A035F00A50522 /* Base */ = {isa = PBXFileReference; lastKnownFileType = file.xib; name = Base; path = Base.lproj/LaunchScreen.xib; sourceTree = "<group>"; };
		162CBBC81B7A035F00A50522 /* RetroLanTests.xctest */ = {isa = PBXFileReference; explicitFileType = wrapper.cfbundle; includeInIndex = 0; path = RetroLanTests.xctest; sourceTree = BUILT_PRODUCTS_DIR; };
		162CBBCD1B7A035F00A50522 /* Info.plist */ = {isa = PBXFileReference; lastKnownFileType = text.plist.xml; path = Info.plist; sourceTree = "<group>"; };
		162CBBCE1B7A035F00A50522 /* RetroLanTests.m */ = {isa = PBXFileReference; lastKnownFileType = sourcecode.c.objc; path = RetroLanTests.m; sourceTree = "<group>"; };
		162CBBDA1B7A069100A50522 /* Controller.h */ = {isa = PBXFileReference; fileEncoding = 4; lastKnownFileType = sourcecode.c.h; path = Controller.h; sourceTree = "<group>"; };
		162CBBDB1B7A069100A50522 /* Controller.m */ = {isa = PBXFileReference; fileEncoding = 4; lastKnownFileType = sourcecode.c.objc; path = Controller.m; sourceTree = "<group>"; };
		162CBBDD1B7A074900A50522 /* Player.h */ = {isa = PBXFileReference; fileEncoding = 4; lastKnownFileType = sourcecode.c.h; path = Player.h; sourceTree = "<group>"; };
		162CBBDE1B7A074900A50522 /* Player.m */ = {isa = PBXFileReference; fileEncoding = 4; lastKnownFileType = sourcecode.c.objc; path = Player.m; sourceTree = "<group>"; };
		162CBBE01B7A085C00A50522 /* Game.h */ = {isa = PBXFileReference; fileEncoding = 4; lastKnownFileType = sourcecode.c.h; path = Game.h; sourceTree = "<group>"; };
		162CBBE11B7A085C00A50522 /* Game.m */ = {isa = PBXFileReference; fileEncoding = 4; lastKnownFileType = sourcecode.c.objc; path = Game.m; sourceTree = "<group>"; };
		162CBBE31B7A08BC00A50522 /* Score.h */ = {isa = PBXFileReference; fileEncoding = 4; lastKnownFileType = sourcecode.c.h; path = Score.h; sourceTree = "<group>"; };
		162CBBE41B7A08BC00A50522 /* Score.m */ = {isa = PBXFileReference; fileEncoding = 4; lastKnownFileType = sourcecode.c.objc; path = Score.m; sourceTree = "<group>"; };
		162CBBE61B7A094C00A50522 /* Session.h */ = {isa = PBXFileReference; fileEncoding = 4; lastKnownFileType = sourcecode.c.h; path = Session.h; sourceTree = "<group>"; };
		162CBBE71B7A094C00A50522 /* Session.m */ = {isa = PBXFileReference; fileEncoding = 4; lastKnownFileType = sourcecode.c.objc; path = Session.m; sourceTree = "<group>"; };
		162CBBE91B7A0A6400A50522 /* Play.h */ = {isa = PBXFileReference; fileEncoding = 4; lastKnownFileType = sourcecode.c.h; path = Play.h; sourceTree = "<group>"; };
		162CBBEA1B7A0A6400A50522 /* Play.m */ = {isa = PBXFileReference; fileEncoding = 4; lastKnownFileType = sourcecode.c.objc; path = Play.m; sourceTree = "<group>"; };
		1681F3681B7A1F95003C0301 /* ProfilesViewController.h */ = {isa = PBXFileReference; fileEncoding = 4; lastKnownFileType = sourcecode.c.h; path = ProfilesViewController.h; sourceTree = "<group>"; };
		1681F3691B7A1F95003C0301 /* ProfilesViewController.m */ = {isa = PBXFileReference; fileEncoding = 4; lastKnownFileType = sourcecode.c.objc; path = ProfilesViewController.m; sourceTree = "<group>"; };
		1681F36B1B7A276B003C0301 /* LANManager.h */ = {isa = PBXFileReference; fileEncoding = 4; lastKnownFileType = sourcecode.c.h; path = LANManager.h; sourceTree = "<group>"; };
		1681F36C1B7A276B003C0301 /* LANManager.m */ = {isa = PBXFileReference; fileEncoding = 4; lastKnownFileType = sourcecode.c.objc; path = LANManager.m; sourceTree = "<group>"; };
		6903CFD00895C7D123451BD8 /* Pods-RetroLan.release.xcconfig */ = {isa = PBXFileReference; includeInIndex = 1; lastKnownFileType = text.xcconfig; name = "Pods-RetroLan.release.xcconfig"; path = "Pods/Target Support Files/Pods-RetroLan/Pods-RetroLan.release.xcconfig"; sourceTree = "<group>"; };
		A9221B057FEE8C51B33F5FCA /* Pods-RetroLan.debug.xcconfig */ = {isa = PBXFileReference; includeInIndex = 1; lastKnownFileType = text.xcconfig; name = "Pods-RetroLan.debug.xcconfig"; path = "Pods/Target Support Files/Pods-RetroLan/Pods-RetroLan.debug.xcconfig"; sourceTree = "<group>"; };
		A9D4D36C9CD177BF9EA288BE /* libPods-RetroLan.a */ = {isa = PBXFileReference; explicitFileType = archive.ar; includeInIndex = 0; path = "libPods-RetroLan.a"; sourceTree = BUILT_PRODUCTS_DIR; };
/* End PBXFileReference section */

/* Begin PBXFrameworksBuildPhase section */
		162CBBA91B7A035F00A50522 /* Frameworks */ = {
			isa = PBXFrameworksBuildPhase;
			buildActionMask = 2147483647;
			files = (
				1FDF203ECB8585AA75F64F2B /* libPods-RetroLan.a in Frameworks */,
			);
			runOnlyForDeploymentPostprocessing = 0;
		};
		162CBBC51B7A035F00A50522 /* Frameworks */ = {
			isa = PBXFrameworksBuildPhase;
			buildActionMask = 2147483647;
			files = (
			);
			runOnlyForDeploymentPostprocessing = 0;
		};
/* End PBXFrameworksBuildPhase section */

/* Begin PBXGroup section */
		162CBBA31B7A035F00A50522 = {
			isa = PBXGroup;
			children = (
				162CBBAE1B7A035F00A50522 /* RetroLan */,
				162CBBCB1B7A035F00A50522 /* RetroLanTests */,
				162CBBAD1B7A035F00A50522 /* Products */,
				56B545FC390D5F6F15EAC418 /* Pods */,
				F687F2EC1897886E80DAB706 /* Frameworks */,
			);
			sourceTree = "<group>";
		};
		162CBBAD1B7A035F00A50522 /* Products */ = {
			isa = PBXGroup;
			children = (
				162CBBAC1B7A035F00A50522 /* RetroLan.app */,
				162CBBC81B7A035F00A50522 /* RetroLanTests.xctest */,
			);
			name = Products;
			sourceTree = "<group>";
		};
		162CBBAE1B7A035F00A50522 /* RetroLan */ = {
			isa = PBXGroup;
			children = (
				162CBBB31B7A035F00A50522 /* AppDelegate.h */,
				162CBBB41B7A035F00A50522 /* AppDelegate.m */,
				162CBBDA1B7A069100A50522 /* Controller.h */,
				162CBBDB1B7A069100A50522 /* Controller.m */,
				1681F36B1B7A276B003C0301 /* LANManager.h */,
				1681F36C1B7A276B003C0301 /* LANManager.m */,
				162CBBD81B7A063F00A50522 /* Model */,
				162CBBD91B7A064500A50522 /* Views */,
				162CBBBC1B7A035F00A50522 /* Main.storyboard */,
				162CBBBF1B7A035F00A50522 /* Images.xcassets */,
				162CBBC11B7A035F00A50522 /* LaunchScreen.xib */,
				162CBBAF1B7A035F00A50522 /* Supporting Files */,
			);
			path = RetroLan;
			sourceTree = "<group>";
		};
		162CBBAF1B7A035F00A50522 /* Supporting Files */ = {
			isa = PBXGroup;
			children = (
				162CBBB01B7A035F00A50522 /* Info.plist */,
				162CBBB11B7A035F00A50522 /* main.m */,
			);
			name = "Supporting Files";
			sourceTree = "<group>";
		};
		162CBBCB1B7A035F00A50522 /* RetroLanTests */ = {
			isa = PBXGroup;
			children = (
				162CBBCE1B7A035F00A50522 /* RetroLanTests.m */,
				162CBBCC1B7A035F00A50522 /* Supporting Files */,
			);
			path = RetroLanTests;
			sourceTree = "<group>";
		};
		162CBBCC1B7A035F00A50522 /* Supporting Files */ = {
			isa = PBXGroup;
			children = (
				162CBBCD1B7A035F00A50522 /* Info.plist */,
			);
			name = "Supporting Files";
			sourceTree = "<group>";
		};
		162CBBD81B7A063F00A50522 /* Model */ = {
			isa = PBXGroup;
			children = (
				162CBBDD1B7A074900A50522 /* Player.h */,
				162CBBDE1B7A074900A50522 /* Player.m */,
				162CBBE01B7A085C00A50522 /* Game.h */,
				162CBBE11B7A085C00A50522 /* Game.m */,
				162CBBE31B7A08BC00A50522 /* Score.h */,
				162CBBE41B7A08BC00A50522 /* Score.m */,
				162CBBE61B7A094C00A50522 /* Session.h */,
				162CBBE71B7A094C00A50522 /* Session.m */,
				162CBBE91B7A0A6400A50522 /* Play.h */,
				162CBBEA1B7A0A6400A50522 /* Play.m */,
			);
			name = Model;
			sourceTree = "<group>";
		};
		162CBBD91B7A064500A50522 /* Views */ = {
			isa = PBXGroup;
			children = (
				162CBBB61B7A035F00A50522 /* FirstViewController.h */,
				162CBBB71B7A035F00A50522 /* FirstViewController.m */,
				162CBBB91B7A035F00A50522 /* CreateViewController.h */,
				162CBBBA1B7A035F00A50522 /* CreateViewController.m */,
				1681F3681B7A1F95003C0301 /* ProfilesViewController.h */,
				1681F3691B7A1F95003C0301 /* ProfilesViewController.m */,
			);
			name = Views;
			sourceTree = "<group>";
		};
		56B545FC390D5F6F15EAC418 /* Pods */ = {
			isa = PBXGroup;
			children = (
				A9221B057FEE8C51B33F5FCA /* Pods-RetroLan.debug.xcconfig */,
				6903CFD00895C7D123451BD8 /* Pods-RetroLan.release.xcconfig */,
			);
			name = Pods;
			sourceTree = "<group>";
		};
		F687F2EC1897886E80DAB706 /* Frameworks */ = {
			isa = PBXGroup;
			children = (
				A9D4D36C9CD177BF9EA288BE /* libPods-RetroLan.a */,
			);
			name = Frameworks;
			sourceTree = "<group>";
		};
/* End PBXGroup section */

/* Begin PBXNativeTarget section */
		162CBBAB1B7A035F00A50522 /* RetroLan */ = {
			isa = PBXNativeTarget;
			buildConfigurationList = 162CBBD21B7A035F00A50522 /* Build configuration list for PBXNativeTarget "RetroLan" */;
			buildPhases = (
				E95550E67C6CEB69B7DAFD85 /* Check Pods Manifest.lock */,
				162CBBA81B7A035F00A50522 /* Sources */,
				162CBBA91B7A035F00A50522 /* Frameworks */,
				162CBBAA1B7A035F00A50522 /* Resources */,
				394D3D679DAF33E4E0D54182 /* Copy Pods Resources */,
			);
			buildRules = (
			);
			dependencies = (
			);
			name = RetroLan;
			productName = RetroLan;
			productReference = 162CBBAC1B7A035F00A50522 /* RetroLan.app */;
			productType = "com.apple.product-type.application";
		};
		162CBBC71B7A035F00A50522 /* RetroLanTests */ = {
			isa = PBXNativeTarget;
			buildConfigurationList = 162CBBD51B7A035F00A50522 /* Build configuration list for PBXNativeTarget "RetroLanTests" */;
			buildPhases = (
				162CBBC41B7A035F00A50522 /* Sources */,
				162CBBC51B7A035F00A50522 /* Frameworks */,
				162CBBC61B7A035F00A50522 /* Resources */,
			);
			buildRules = (
			);
			dependencies = (
				162CBBCA1B7A035F00A50522 /* PBXTargetDependency */,
			);
			name = RetroLanTests;
			productName = RetroLanTests;
			productReference = 162CBBC81B7A035F00A50522 /* RetroLanTests.xctest */;
			productType = "com.apple.product-type.bundle.unit-test";
		};
/* End PBXNativeTarget section */

/* Begin PBXProject section */
		162CBBA41B7A035F00A50522 /* Project object */ = {
			isa = PBXProject;
			attributes = {
				LastUpgradeCheck = 0640;
				ORGANIZATIONNAME = WeaveIt;
				TargetAttributes = {
					162CBBAB1B7A035F00A50522 = {
						CreatedOnToolsVersion = 6.4;
					};
					162CBBC71B7A035F00A50522 = {
						CreatedOnToolsVersion = 6.4;
						TestTargetID = 162CBBAB1B7A035F00A50522;
					};
				};
			};
			buildConfigurationList = 162CBBA71B7A035F00A50522 /* Build configuration list for PBXProject "RetroLan" */;
			compatibilityVersion = "Xcode 3.2";
			developmentRegion = English;
			hasScannedForEncodings = 0;
			knownRegions = (
				en,
				Base,
			);
			mainGroup = 162CBBA31B7A035F00A50522;
			productRefGroup = 162CBBAD1B7A035F00A50522 /* Products */;
			projectDirPath = "";
			projectRoot = "";
			targets = (
				162CBBAB1B7A035F00A50522 /* RetroLan */,
				162CBBC71B7A035F00A50522 /* RetroLanTests */,
			);
		};
/* End PBXProject section */

/* Begin PBXResourcesBuildPhase section */
		162CBBAA1B7A035F00A50522 /* Resources */ = {
			isa = PBXResourcesBuildPhase;
			buildActionMask = 2147483647;
			files = (
				162CBBBE1B7A035F00A50522 /* Main.storyboard in Resources */,
				162CBBC31B7A035F00A50522 /* LaunchScreen.xib in Resources */,
				162CBBC01B7A035F00A50522 /* Images.xcassets in Resources */,
			);
			runOnlyForDeploymentPostprocessing = 0;
		};
		162CBBC61B7A035F00A50522 /* Resources */ = {
			isa = PBXResourcesBuildPhase;
			buildActionMask = 2147483647;
			files = (
			);
			runOnlyForDeploymentPostprocessing = 0;
		};
/* End PBXResourcesBuildPhase section */

/* Begin PBXShellScriptBuildPhase section */
		394D3D679DAF33E4E0D54182 /* Copy Pods Resources */ = {
			isa = PBXShellScriptBuildPhase;
			buildActionMask = 2147483647;
			files = (
			);
			inputPaths = (
			);
			name = "Copy Pods Resources";
			outputPaths = (
			);
			runOnlyForDeploymentPostprocessing = 0;
			shellPath = /bin/sh;
			shellScript = "\"${SRCROOT}/Pods/Target Support Files/Pods-RetroLan/Pods-RetroLan-resources.sh\"\n";
			showEnvVarsInLog = 0;
		};
		E95550E67C6CEB69B7DAFD85 /* Check Pods Manifest.lock */ = {
			isa = PBXShellScriptBuildPhase;
			buildActionMask = 2147483647;
			files = (
			);
			inputPaths = (
			);
			name = "Check Pods Manifest.lock";
			outputPaths = (
			);
			runOnlyForDeploymentPostprocessing = 0;
			shellPath = /bin/sh;
			shellScript = "diff \"${PODS_ROOT}/../Podfile.lock\" \"${PODS_ROOT}/Manifest.lock\" > /dev/null\nif [[ $? != 0 ]] ; then\n    cat << EOM\nerror: The sandbox is not in sync with the Podfile.lock. Run 'pod install' or update your CocoaPods installation.\nEOM\n    exit 1\nfi\n";
			showEnvVarsInLog = 0;
		};
/* End PBXShellScriptBuildPhase section */

/* Begin PBXSourcesBuildPhase section */
		162CBBA81B7A035F00A50522 /* Sources */ = {
			isa = PBXSourcesBuildPhase;
			buildActionMask = 2147483647;
			files = (
				162CBBBB1B7A035F00A50522 /* CreateViewController.m in Sources */,
				162CBBDC1B7A069100A50522 /* Controller.m in Sources */,
				162CBBB51B7A035F00A50522 /* AppDelegate.m in Sources */,
				1681F36A1B7A1F95003C0301 /* ProfilesViewController.m in Sources */,
				162CBBB81B7A035F00A50522 /* FirstViewController.m in Sources */,
				162CBBDF1B7A074900A50522 /* Player.m in Sources */,
				162CBBEB1B7A0A6400A50522 /* Play.m in Sources */,
				162CBBE21B7A085C00A50522 /* Game.m in Sources */,
				162CBBE51B7A08BC00A50522 /* Score.m in Sources */,
				1681F36D1B7A276B003C0301 /* LANManager.m in Sources */,
				162CBBB21B7A035F00A50522 /* main.m in Sources */,
				162CBBE81B7A094C00A50522 /* Session.m in Sources */,
			);
			runOnlyForDeploymentPostprocessing = 0;
		};
		162CBBC41B7A035F00A50522 /* Sources */ = {
			isa = PBXSourcesBuildPhase;
			buildActionMask = 2147483647;
			files = (
				162CBBCF1B7A035F00A50522 /* RetroLanTests.m in Sources */,
			);
			runOnlyForDeploymentPostprocessing = 0;
		};
/* End PBXSourcesBuildPhase section */

/* Begin PBXTargetDependency section */
		162CBBCA1B7A035F00A50522 /* PBXTargetDependency */ = {
			isa = PBXTargetDependency;
			target = 162CBBAB1B7A035F00A50522 /* RetroLan */;
			targetProxy = 162CBBC91B7A035F00A50522 /* PBXContainerItemProxy */;
		};
/* End PBXTargetDependency section */

/* Begin PBXVariantGroup section */
		162CBBBC1B7A035F00A50522 /* Main.storyboard */ = {
			isa = PBXVariantGroup;
			children = (
				162CBBBD1B7A035F00A50522 /* Base */,
			);
			name = Main.storyboard;
			sourceTree = "<group>";
		};
		162CBBC11B7A035F00A50522 /* LaunchScreen.xib */ = {
			isa = PBXVariantGroup;
			children = (
				162CBBC21B7A035F00A50522 /* Base */,
			);
			name = LaunchScreen.xib;
			sourceTree = "<group>";
		};
/* End PBXVariantGroup section */

/* Begin XCBuildConfiguration section */
		162CBBD01B7A035F00A50522 /* Debug */ = {
			isa = XCBuildConfiguration;
			buildSettings = {
				ALWAYS_SEARCH_USER_PATHS = NO;
				CLANG_CXX_LANGUAGE_STANDARD = "gnu++0x";
				CLANG_CXX_LIBRARY = "libc++";
				CLANG_ENABLE_MODULES = YES;
				CLANG_ENABLE_OBJC_ARC = YES;
				CLANG_WARN_BOOL_CONVERSION = YES;
				CLANG_WARN_CONSTANT_CONVERSION = YES;
				CLANG_WARN_DIRECT_OBJC_ISA_USAGE = YES_ERROR;
				CLANG_WARN_EMPTY_BODY = YES;
				CLANG_WARN_ENUM_CONVERSION = YES;
				CLANG_WARN_INT_CONVERSION = YES;
				CLANG_WARN_OBJC_ROOT_CLASS = YES_ERROR;
				CLANG_WARN_UNREACHABLE_CODE = YES;
				CLANG_WARN__DUPLICATE_METHOD_MATCH = YES;
				"CODE_SIGN_IDENTITY[sdk=iphoneos*]" = "iPhone Developer";
				COPY_PHASE_STRIP = NO;
				DEBUG_INFORMATION_FORMAT = "dwarf-with-dsym";
				ENABLE_STRICT_OBJC_MSGSEND = YES;
				GCC_C_LANGUAGE_STANDARD = gnu99;
				GCC_DYNAMIC_NO_PIC = NO;
				GCC_NO_COMMON_BLOCKS = YES;
				GCC_OPTIMIZATION_LEVEL = 0;
				GCC_PREPROCESSOR_DEFINITIONS = (
					"DEBUG=1",
					"$(inherited)",
				);
				GCC_SYMBOLS_PRIVATE_EXTERN = NO;
				GCC_WARN_64_TO_32_BIT_CONVERSION = YES;
				GCC_WARN_ABOUT_RETURN_TYPE = YES_ERROR;
				GCC_WARN_UNDECLARED_SELECTOR = YES;
				GCC_WARN_UNINITIALIZED_AUTOS = YES_AGGRESSIVE;
				GCC_WARN_UNUSED_FUNCTION = YES;
				GCC_WARN_UNUSED_VARIABLE = YES;
				IPHONEOS_DEPLOYMENT_TARGET = 8.4;
				MTL_ENABLE_DEBUG_INFO = YES;
				ONLY_ACTIVE_ARCH = YES;
				SDKROOT = iphoneos;
				TARGETED_DEVICE_FAMILY = 2;
			};
			name = Debug;
		};
		162CBBD11B7A035F00A50522 /* Release */ = {
			isa = XCBuildConfiguration;
			buildSettings = {
				ALWAYS_SEARCH_USER_PATHS = NO;
				CLANG_CXX_LANGUAGE_STANDARD = "gnu++0x";
				CLANG_CXX_LIBRARY = "libc++";
				CLANG_ENABLE_MODULES = YES;
				CLANG_ENABLE_OBJC_ARC = YES;
				CLANG_WARN_BOOL_CONVERSION = YES;
				CLANG_WARN_CONSTANT_CONVERSION = YES;
				CLANG_WARN_DIRECT_OBJC_ISA_USAGE = YES_ERROR;
				CLANG_WARN_EMPTY_BODY = YES;
				CLANG_WARN_ENUM_CONVERSION = YES;
				CLANG_WARN_INT_CONVERSION = YES;
				CLANG_WARN_OBJC_ROOT_CLASS = YES_ERROR;
				CLANG_WARN_UNREACHABLE_CODE = YES;
				CLANG_WARN__DUPLICATE_METHOD_MATCH = YES;
				"CODE_SIGN_IDENTITY[sdk=iphoneos*]" = "iPhone Developer";
				COPY_PHASE_STRIP = NO;
				DEBUG_INFORMATION_FORMAT = "dwarf-with-dsym";
				ENABLE_NS_ASSERTIONS = NO;
				ENABLE_STRICT_OBJC_MSGSEND = YES;
				GCC_C_LANGUAGE_STANDARD = gnu99;
				GCC_NO_COMMON_BLOCKS = YES;
				GCC_WARN_64_TO_32_BIT_CONVERSION = YES;
				GCC_WARN_ABOUT_RETURN_TYPE = YES_ERROR;
				GCC_WARN_UNDECLARED_SELECTOR = YES;
				GCC_WARN_UNINITIALIZED_AUTOS = YES_AGGRESSIVE;
				GCC_WARN_UNUSED_FUNCTION = YES;
				GCC_WARN_UNUSED_VARIABLE = YES;
				IPHONEOS_DEPLOYMENT_TARGET = 8.4;
				MTL_ENABLE_DEBUG_INFO = NO;
				SDKROOT = iphoneos;
				TARGETED_DEVICE_FAMILY = 2;
				VALIDATE_PRODUCT = YES;
			};
			name = Release;
		};
		162CBBD31B7A035F00A50522 /* Debug */ = {
			isa = XCBuildConfiguration;
			baseConfigurationReference = A9221B057FEE8C51B33F5FCA /* Pods-RetroLan.debug.xcconfig */;
			buildSettings = {
				ASSETCATALOG_COMPILER_APPICON_NAME = AppIcon;
				INFOPLIST_FILE = RetroLan/Info.plist;
				LD_RUNPATH_SEARCH_PATHS = "$(inherited) @executable_path/Frameworks";
				PRODUCT_NAME = "$(TARGET_NAME)";
			};
			name = Debug;
		};
		162CBBD41B7A035F00A50522 /* Release */ = {
			isa = XCBuildConfiguration;
			baseConfigurationReference = 6903CFD00895C7D123451BD8 /* Pods-RetroLan.release.xcconfig */;
			buildSettings = {
				ASSETCATALOG_COMPILER_APPICON_NAME = AppIcon;
				INFOPLIST_FILE = RetroLan/Info.plist;
				LD_RUNPATH_SEARCH_PATHS = "$(inherited) @executable_path/Frameworks";
				PRODUCT_NAME = "$(TARGET_NAME)";
			};
			name = Release;
		};
		162CBBD61B7A035F00A50522 /* Debug */ = {
			isa = XCBuildConfiguration;
			buildSettings = {
				BUNDLE_LOADER = "$(TEST_HOST)";
				FRAMEWORK_SEARCH_PATHS = (
					"$(SDKROOT)/Developer/Library/Frameworks",
					"$(inherited)",
				);
				GCC_PREPROCESSOR_DEFINITIONS = (
					"DEBUG=1",
					"$(inherited)",
				);
				INFOPLIST_FILE = RetroLanTests/Info.plist;
				LD_RUNPATH_SEARCH_PATHS = "$(inherited) @executable_path/Frameworks @loader_path/Frameworks";
				PRODUCT_NAME = "$(TARGET_NAME)";
				TEST_HOST = "$(BUILT_PRODUCTS_DIR)/RetroLan.app/RetroLan";
			};
			name = Debug;
		};
		162CBBD71B7A035F00A50522 /* Release */ = {
			isa = XCBuildConfiguration;
			buildSettings = {
				BUNDLE_LOADER = "$(TEST_HOST)";
				FRAMEWORK_SEARCH_PATHS = (
					"$(SDKROOT)/Developer/Library/Frameworks",
					"$(inherited)",
				);
				INFOPLIST_FILE = RetroLanTests/Info.plist;
				LD_RUNPATH_SEARCH_PATHS = "$(inherited) @executable_path/Frameworks @loader_path/Frameworks";
				PRODUCT_NAME = "$(TARGET_NAME)";
				TEST_HOST = "$(BUILT_PRODUCTS_DIR)/RetroLan.app/RetroLan";
			};
			name = Release;
		};
/* End XCBuildConfiguration section */

/* Begin XCConfigurationList section */
		162CBBA71B7A035F00A50522 /* Build configuration list for PBXProject "RetroLan" */ = {
			isa = XCConfigurationList;
			buildConfigurations = (
				162CBBD01B7A035F00A50522 /* Debug */,
				162CBBD11B7A035F00A50522 /* Release */,
			);
			defaultConfigurationIsVisible = 0;
			defaultConfigurationName = Release;
		};
		162CBBD21B7A035F00A50522 /* Build configuration list for PBXNativeTarget "RetroLan" */ = {
			isa = XCConfigurationList;
			buildConfigurations = (
				162CBBD31B7A035F00A50522 /* Debug */,
				162CBBD41B7A035F00A50522 /* Release */,
			);
			defaultConfigurationIsVisible = 0;
			defaultConfigurationName = Release;
		};
		162CBBD51B7A035F00A50522 /* Build configuration list for PBXNativeTarget "RetroLanTests" */ = {
			isa = XCConfigurationList;
			buildConfigurations = (
				162CBBD61B7A035F00A50522 /* Debug */,
				162CBBD71B7A035F00A50522 /* Release */,
			);
			defaultConfigurationIsVisible = 0;
			defaultConfigurationName = Release;
		};
/* End XCConfigurationList section */
	};
	rootObject = 162CBBA41B7A035F00A50522 /* Project object */;
}
